
Microsoft Visual Studio Solution File, Format Version 12.00
# Visual Studio Version 16
VisualStudioVersion = 16.0.29613.14
MinimumVisualStudioVersion = 10.0.40219.1
Project("{9A19103F-16F7-4668-BE54-9A1E7A4F7556}") = "Kebler", "Kebler\Kebler.csproj", "{1E37E20F-3AF8-43A1-B8F4-81F1AABA4612}"
EndProject
Project("{2150E333-8FDC-42A3-9474-1A3956D46DE8}") = "Solution items", "Solution items", "{D36BD614-4964-4897-A2AB-A7817DF79B5E}"
	ProjectSection(SolutionItems) = preProject
		AssemblyInfo.cs = AssemblyInfo.cs
		..\README.md = ..\README.md
		..\.github\workflows\wpfdotnet-core-develop.yml = ..\.github\workflows\wpfdotnet-core-develop.yml
		..\.github\workflows\wpfdotnet-core.yml = ..\.github\workflows\wpfdotnet-core.yml
	EndProjectSection
EndProject
Project("{9A19103F-16F7-4668-BE54-9A1E7A4F7556}") = "Kebler.UI", "Kebler.UI\Kebler.UI.csproj", "{60A962B5-6B74-40AF-A4E9-EE5126D41AE6}"
EndProject
Project("{9A19103F-16F7-4668-BE54-9A1E7A4F7556}") = "Kebler.Test", "Kebler.Test\Kebler.Test.csproj", "{55BCAADE-3D54-469A-AD2D-9BCC7B191996}"
EndProject
Project("{9A19103F-16F7-4668-BE54-9A1E7A4F7556}") = "Kebler.Models", "Kebler.Models\Kebler.Models.csproj", "{8DB0FE2C-8A06-429A-BDB5-44677D6C9B75}"
EndProject
Project("{9A19103F-16F7-4668-BE54-9A1E7A4F7556}") = "Kebler.TransmissionCore", "Kebler.TransmissionCore\Kebler.TransmissionCore.csproj", "{A3DE9DCC-915B-41C1-A8B4-33F4F137B40F}"
EndProject
Project("{9A19103F-16F7-4668-BE54-9A1E7A4F7556}") = "Kebler.SI", "Kebler.SI\Kebler.SI.csproj", "{E1677969-99DC-48C9-AE00-CA4D22E8D1FC}"
EndProject
Project("{9A19103F-16F7-4668-BE54-9A1E7A4F7556}") = "Kebler.Update", "Kebler.Update\Kebler.Update.csproj", "{CD953F00-6042-4F80-BEE7-CDBE3BB7FF47}"
EndProject
Project("{9A19103F-16F7-4668-BE54-9A1E7A4F7556}") = "Kebler.Const", "Kebler.Const\Kebler.Const.csproj", "{4765BE6F-DEB2-48D8-8BD1-215A36413A30}"
EndProject
Project("{9A19103F-16F7-4668-BE54-9A1E7A4F7556}") = "Kebler.Resources", "Kebler.Resources\Kebler.Resources.csproj", "{7DB8A981-5847-4BE5-8FFF-2CF5D5D5B250}"
EndProject
Project("{9A19103F-16F7-4668-BE54-9A1E7A4F7556}") = "Kebler.Services", "Kebler.Services\Kebler.Services.csproj", "{C1AA6630-FB2E-4710-99CA-AD0743D8D140}"
EndProject
Project("{2150E333-8FDC-42A3-9474-1A3956D46DE8}") = "External", "External", "{F0B100A8-07F2-46CC-9DFF-1FB32DF9CCC9}"
EndProject
Project("{9A19103F-16F7-4668-BE54-9A1E7A4F7556}") = "Kebler.Styles", "Kebler.Styles\Kebler.Styles.csproj", "{6421DB6F-7E42-4560-8202-692A2902BFDF}"
EndProject
Project("{9A19103F-16F7-4668-BE54-9A1E7A4F7556}") = "Kebler.Update.Core", "Kebler.Update.Core\Kebler.Update.Core.csproj", "{E677D474-531F-4ACE-B99A-9C36682C6BE6}"
EndProject
Project("{2150E333-8FDC-42A3-9474-1A3956D46DE8}") = "Desktop", "Desktop", "{07DB111A-534A-4CC7-9C8D-F008EDD833F1}"
EndProject
Project("{9A19103F-16F7-4668-BE54-9A1E7A4F7556}") = "BencodeNET", "Bencode\BencodeNET\BencodeNET.csproj", "{CD3867A7-EE3B-442A-83A2-A8D5668F6AEA}"
EndProject
Global
	GlobalSection(SolutionConfigurationPlatforms) = preSolution
		Debug|x64 = Debug|x64
		Portable|x64 = Portable|x64
		Release|x64 = Release|x64
	EndGlobalSection
	GlobalSection(ProjectConfigurationPlatforms) = postSolution
		{1E37E20F-3AF8-43A1-B8F4-81F1AABA4612}.Debug|x64.ActiveCfg = Debug|x64
		{1E37E20F-3AF8-43A1-B8F4-81F1AABA4612}.Debug|x64.Build.0 = Debug|x64
		{1E37E20F-3AF8-43A1-B8F4-81F1AABA4612}.Portable|x64.ActiveCfg = Portable|x64
		{1E37E20F-3AF8-43A1-B8F4-81F1AABA4612}.Portable|x64.Build.0 = Portable|x64
		{1E37E20F-3AF8-43A1-B8F4-81F1AABA4612}.Release|x64.ActiveCfg = Release|x64
		{1E37E20F-3AF8-43A1-B8F4-81F1AABA4612}.Release|x64.Build.0 = Release|x64
		{60A962B5-6B74-40AF-A4E9-EE5126D41AE6}.Debug|x64.ActiveCfg = Debug|x64
		{60A962B5-6B74-40AF-A4E9-EE5126D41AE6}.Debug|x64.Build.0 = Debug|x64
		{60A962B5-6B74-40AF-A4E9-EE5126D41AE6}.Portable|x64.ActiveCfg = Portable|x64
		{60A962B5-6B74-40AF-A4E9-EE5126D41AE6}.Portable|x64.Build.0 = Portable|x64
		{60A962B5-6B74-40AF-A4E9-EE5126D41AE6}.Release|x64.ActiveCfg = Release|x64
		{60A962B5-6B74-40AF-A4E9-EE5126D41AE6}.Release|x64.Build.0 = Release|x64
		{55BCAADE-3D54-469A-AD2D-9BCC7B191996}.Debug|x64.ActiveCfg = Debug|x64
		{55BCAADE-3D54-469A-AD2D-9BCC7B191996}.Debug|x64.Build.0 = Debug|x64
		{55BCAADE-3D54-469A-AD2D-9BCC7B191996}.Portable|x64.ActiveCfg = Portable|x64
		{55BCAADE-3D54-469A-AD2D-9BCC7B191996}.Portable|x64.Build.0 = Portable|x64
		{55BCAADE-3D54-469A-AD2D-9BCC7B191996}.Release|x64.ActiveCfg = Release|x64
		{55BCAADE-3D54-469A-AD2D-9BCC7B191996}.Release|x64.Build.0 = Release|x64
		{8DB0FE2C-8A06-429A-BDB5-44677D6C9B75}.Debug|x64.ActiveCfg = Debug|x64
		{8DB0FE2C-8A06-429A-BDB5-44677D6C9B75}.Debug|x64.Build.0 = Debug|x64
		{8DB0FE2C-8A06-429A-BDB5-44677D6C9B75}.Portable|x64.ActiveCfg = Portable|x64
		{8DB0FE2C-8A06-429A-BDB5-44677D6C9B75}.Portable|x64.Build.0 = Portable|x64
		{8DB0FE2C-8A06-429A-BDB5-44677D6C9B75}.Release|x64.ActiveCfg = Release|x64
		{8DB0FE2C-8A06-429A-BDB5-44677D6C9B75}.Release|x64.Build.0 = Release|x64
		{A3DE9DCC-915B-41C1-A8B4-33F4F137B40F}.Debug|x64.ActiveCfg = Debug|x64
		{A3DE9DCC-915B-41C1-A8B4-33F4F137B40F}.Debug|x64.Build.0 = Debug|x64
		{A3DE9DCC-915B-41C1-A8B4-33F4F137B40F}.Portable|x64.ActiveCfg = Portable|x64
		{A3DE9DCC-915B-41C1-A8B4-33F4F137B40F}.Portable|x64.Build.0 = Portable|x64
		{A3DE9DCC-915B-41C1-A8B4-33F4F137B40F}.Release|x64.ActiveCfg = Release|x64
		{A3DE9DCC-915B-41C1-A8B4-33F4F137B40F}.Release|x64.Build.0 = Release|x64
		{E1677969-99DC-48C9-AE00-CA4D22E8D1FC}.Debug|x64.ActiveCfg = Debug|x64
		{E1677969-99DC-48C9-AE00-CA4D22E8D1FC}.Debug|x64.Build.0 = Debug|x64
		{E1677969-99DC-48C9-AE00-CA4D22E8D1FC}.Portable|x64.ActiveCfg = Portable|x64
		{E1677969-99DC-48C9-AE00-CA4D22E8D1FC}.Portable|x64.Build.0 = Portable|x64
		{E1677969-99DC-48C9-AE00-CA4D22E8D1FC}.Release|x64.ActiveCfg = Release|x64
		{E1677969-99DC-48C9-AE00-CA4D22E8D1FC}.Release|x64.Build.0 = Release|x64
		{CD953F00-6042-4F80-BEE7-CDBE3BB7FF47}.Debug|x64.ActiveCfg = Debug|x64
		{CD953F00-6042-4F80-BEE7-CDBE3BB7FF47}.Debug|x64.Build.0 = Debug|x64
		{CD953F00-6042-4F80-BEE7-CDBE3BB7FF47}.Portable|x64.ActiveCfg = Portable|x64
		{CD953F00-6042-4F80-BEE7-CDBE3BB7FF47}.Portable|x64.Build.0 = Portable|x64
		{CD953F00-6042-4F80-BEE7-CDBE3BB7FF47}.Release|x64.ActiveCfg = Release|x64
		{CD953F00-6042-4F80-BEE7-CDBE3BB7FF47}.Release|x64.Build.0 = Release|x64
		{4765BE6F-DEB2-48D8-8BD1-215A36413A30}.Debug|x64.ActiveCfg = Debug|x64
		{4765BE6F-DEB2-48D8-8BD1-215A36413A30}.Debug|x64.Build.0 = Debug|x64
		{4765BE6F-DEB2-48D8-8BD1-215A36413A30}.Portable|x64.ActiveCfg = Portable|x64
		{4765BE6F-DEB2-48D8-8BD1-215A36413A30}.Portable|x64.Build.0 = Portable|x64
		{4765BE6F-DEB2-48D8-8BD1-215A36413A30}.Release|x64.ActiveCfg = Release|x64
		{4765BE6F-DEB2-48D8-8BD1-215A36413A30}.Release|x64.Build.0 = Release|x64
		{7DB8A981-5847-4BE5-8FFF-2CF5D5D5B250}.Debug|x64.ActiveCfg = Debug|x64
		{7DB8A981-5847-4BE5-8FFF-2CF5D5D5B250}.Debug|x64.Build.0 = Debug|x64
		{7DB8A981-5847-4BE5-8FFF-2CF5D5D5B250}.Portable|x64.ActiveCfg = Portable|x64
		{7DB8A981-5847-4BE5-8FFF-2CF5D5D5B250}.Portable|x64.Build.0 = Portable|x64
		{7DB8A981-5847-4BE5-8FFF-2CF5D5D5B250}.Release|x64.ActiveCfg = Release|x64
		{7DB8A981-5847-4BE5-8FFF-2CF5D5D5B250}.Release|x64.Build.0 = Release|x64
		{C1AA6630-FB2E-4710-99CA-AD0743D8D140}.Debug|x64.ActiveCfg = Debug|x64
		{C1AA6630-FB2E-4710-99CA-AD0743D8D140}.Debug|x64.Build.0 = Debug|x64
		{C1AA6630-FB2E-4710-99CA-AD0743D8D140}.Portable|x64.ActiveCfg = Portable|x64
		{C1AA6630-FB2E-4710-99CA-AD0743D8D140}.Portable|x64.Build.0 = Portable|x64
		{C1AA6630-FB2E-4710-99CA-AD0743D8D140}.Release|x64.ActiveCfg = Release|x64
		{C1AA6630-FB2E-4710-99CA-AD0743D8D140}.Release|x64.Build.0 = Release|x64
		{6421DB6F-7E42-4560-8202-692A2902BFDF}.Debug|x64.ActiveCfg = Debug|x64
		{6421DB6F-7E42-4560-8202-692A2902BFDF}.Debug|x64.Build.0 = Debug|x64
		{6421DB6F-7E42-4560-8202-692A2902BFDF}.Portable|x64.ActiveCfg = Portable|x64
		{6421DB6F-7E42-4560-8202-692A2902BFDF}.Portable|x64.Build.0 = Portable|x64
		{6421DB6F-7E42-4560-8202-692A2902BFDF}.Release|x64.ActiveCfg = Release|x64
		{6421DB6F-7E42-4560-8202-692A2902BFDF}.Release|x64.Build.0 = Release|x64
		{E677D474-531F-4ACE-B99A-9C36682C6BE6}.Debug|x64.ActiveCfg = Debug|x64
		{E677D474-531F-4ACE-B99A-9C36682C6BE6}.Debug|x64.Build.0 = Debug|x64
		{E677D474-531F-4ACE-B99A-9C36682C6BE6}.Portable|x64.ActiveCfg = Portable|x64
		{E677D474-531F-4ACE-B99A-9C36682C6BE6}.Release|x64.ActiveCfg = Release|x64
		{E677D474-531F-4ACE-B99A-9C36682C6BE6}.Release|x64.Build.0 = Release|x64
		{CD3867A7-EE3B-442A-83A2-A8D5668F6AEA}.Debug|x64.ActiveCfg = Debug|x64
		{CD3867A7-EE3B-442A-83A2-A8D5668F6AEA}.Debug|x64.Build.0 = Debug|x64
		{CD3867A7-EE3B-442A-83A2-A8D5668F6AEA}.Portable|x64.ActiveCfg = Debug|x64
		{CD3867A7-EE3B-442A-83A2-A8D5668F6AEA}.Portable|x64.Build.0 = Debug|x64
		{CD3867A7-EE3B-442A-83A2-A8D5668F6AEA}.Release|x64.ActiveCfg = Release|x64
		{CD3867A7-EE3B-442A-83A2-A8D5668F6AEA}.Release|x64.Build.0 = Release|x64
	EndGlobalSection
	GlobalSection(SolutionProperties) = preSolution
		HideSolutionNode = FALSE
	EndGlobalSection
	GlobalSection(NestedProjects) = preSolution
		{1E37E20F-3AF8-43A1-B8F4-81F1AABA4612} = {07DB111A-534A-4CC7-9C8D-F008EDD833F1}
		{CD953F00-6042-4F80-BEE7-CDBE3BB7FF47} = {07DB111A-534A-4CC7-9C8D-F008EDD833F1}
		{CD3867A7-EE3B-442A-83A2-A8D5668F6AEA} = {F0B100A8-07F2-46CC-9DFF-1FB32DF9CCC9}
	EndGlobalSection
	GlobalSection(ExtensibilityGlobals) = postSolution
		SolutionGuid = {766B4CBD-887D-4996-9083-18D2B57BE66F}
		RESX_TaskErrorCategory = Message
		RESX_ShowErrorsInErrorList = False
	EndGlobalSection
EndGlobal
