
Microsoft Visual Studio Solution File, Format Version 12.00
# Visual Studio Version 16
VisualStudioVersion = 16.0.29613.14
MinimumVisualStudioVersion = 10.0.40219.1
Project("{9A19103F-16F7-4668-BE54-9A1E7A4F7556}") = "Kebler", "Kebler\Kebler.csproj", "{1E37E20F-3AF8-43A1-B8F4-81F1AABA4612}"
EndProject
Project("{9A19103F-16F7-4668-BE54-9A1E7A4F7556}") = "Transmission.API.RPC", "Transmission.API.RPC\Transmission.API.RPC.csproj", "{95644F0A-6B5A-441B-B26F-108317E55CA3}"
EndProject
Project("{2150E333-8FDC-42A3-9474-1A3956D46DE8}") = "Solution items", "Solution items", "{D36BD614-4964-4897-A2AB-A7817DF79B5E}"
	ProjectSection(SolutionItems) = preProject
		version.xml = version.xml
	EndProjectSection
EndProject
Project("{9A19103F-16F7-4668-BE54-9A1E7A4F7556}") = "AutoUpdaterDotNET", "AutoUpdater.NET-master\AutoUpdater.NET\AutoUpdaterDotNET.csproj", "{FB9E7E6B-B19F-4F37-A708-2996190CEF13}"
EndProject
Global
	GlobalSection(SolutionConfigurationPlatforms) = preSolution
		Debug|Any CPU = Debug|Any CPU
		Debug-NET35|Any CPU = Debug-NET35|Any CPU
		Debug-NET40|Any CPU = Debug-NET40|Any CPU
		Release|Any CPU = Release|Any CPU
		Release-NET35|Any CPU = Release-NET35|Any CPU
		Release-NET40|Any CPU = Release-NET40|Any CPU
	EndGlobalSection
	GlobalSection(ProjectConfigurationPlatforms) = postSolution
		{1E37E20F-3AF8-43A1-B8F4-81F1AABA4612}.Debug|Any CPU.ActiveCfg = Debug|Any CPU
		{1E37E20F-3AF8-43A1-B8F4-81F1AABA4612}.Debug|Any CPU.Build.0 = Debug|Any CPU
		{1E37E20F-3AF8-43A1-B8F4-81F1AABA4612}.Debug-NET35|Any CPU.ActiveCfg = Debug|Any CPU
		{1E37E20F-3AF8-43A1-B8F4-81F1AABA4612}.Debug-NET35|Any CPU.Build.0 = Debug|Any CPU
		{1E37E20F-3AF8-43A1-B8F4-81F1AABA4612}.Debug-NET40|Any CPU.ActiveCfg = Debug|Any CPU
		{1E37E20F-3AF8-43A1-B8F4-81F1AABA4612}.Debug-NET40|Any CPU.Build.0 = Debug|Any CPU
		{1E37E20F-3AF8-43A1-B8F4-81F1AABA4612}.Release|Any CPU.ActiveCfg = Release|Any CPU
		{1E37E20F-3AF8-43A1-B8F4-81F1AABA4612}.Release|Any CPU.Build.0 = Release|Any CPU
		{1E37E20F-3AF8-43A1-B8F4-81F1AABA4612}.Release-NET35|Any CPU.ActiveCfg = Release|Any CPU
		{1E37E20F-3AF8-43A1-B8F4-81F1AABA4612}.Release-NET35|Any CPU.Build.0 = Release|Any CPU
		{1E37E20F-3AF8-43A1-B8F4-81F1AABA4612}.Release-NET40|Any CPU.ActiveCfg = Release|Any CPU
		{1E37E20F-3AF8-43A1-B8F4-81F1AABA4612}.Release-NET40|Any CPU.Build.0 = Release|Any CPU
		{95644F0A-6B5A-441B-B26F-108317E55CA3}.Debug|Any CPU.ActiveCfg = Debug|Any CPU
		{95644F0A-6B5A-441B-B26F-108317E55CA3}.Debug|Any CPU.Build.0 = Debug|Any CPU
		{95644F0A-6B5A-441B-B26F-108317E55CA3}.Debug-NET35|Any CPU.ActiveCfg = Debug|Any CPU
		{95644F0A-6B5A-441B-B26F-108317E55CA3}.Debug-NET35|Any CPU.Build.0 = Debug|Any CPU
		{95644F0A-6B5A-441B-B26F-108317E55CA3}.Debug-NET40|Any CPU.ActiveCfg = Debug|Any CPU
		{95644F0A-6B5A-441B-B26F-108317E55CA3}.Debug-NET40|Any CPU.Build.0 = Debug|Any CPU
		{95644F0A-6B5A-441B-B26F-108317E55CA3}.Release|Any CPU.ActiveCfg = Release|Any CPU
		{95644F0A-6B5A-441B-B26F-108317E55CA3}.Release|Any CPU.Build.0 = Release|Any CPU
		{95644F0A-6B5A-441B-B26F-108317E55CA3}.Release-NET35|Any CPU.ActiveCfg = Release|Any CPU
		{95644F0A-6B5A-441B-B26F-108317E55CA3}.Release-NET35|Any CPU.Build.0 = Release|Any CPU
		{95644F0A-6B5A-441B-B26F-108317E55CA3}.Release-NET40|Any CPU.ActiveCfg = Release|Any CPU
		{95644F0A-6B5A-441B-B26F-108317E55CA3}.Release-NET40|Any CPU.Build.0 = Release|Any CPU
		{FB9E7E6B-B19F-4F37-A708-2996190CEF13}.Debug|Any CPU.ActiveCfg = Debug|Any CPU
		{FB9E7E6B-B19F-4F37-A708-2996190CEF13}.Debug|Any CPU.Build.0 = Debug|Any CPU
		{FB9E7E6B-B19F-4F37-A708-2996190CEF13}.Debug-NET35|Any CPU.ActiveCfg = Debug|Any CPU
		{FB9E7E6B-B19F-4F37-A708-2996190CEF13}.Debug-NET35|Any CPU.Build.0 = Debug|Any CPU
		{FB9E7E6B-B19F-4F37-A708-2996190CEF13}.Debug-NET40|Any CPU.ActiveCfg = Debug|Any CPU
		{FB9E7E6B-B19F-4F37-A708-2996190CEF13}.Debug-NET40|Any CPU.Build.0 = Debug|Any CPU
		{FB9E7E6B-B19F-4F37-A708-2996190CEF13}.Release|Any CPU.ActiveCfg = Release|Any CPU
		{FB9E7E6B-B19F-4F37-A708-2996190CEF13}.Release|Any CPU.Build.0 = Release|Any CPU
		{FB9E7E6B-B19F-4F37-A708-2996190CEF13}.Release-NET35|Any CPU.ActiveCfg = Release|Any CPU
		{FB9E7E6B-B19F-4F37-A708-2996190CEF13}.Release-NET35|Any CPU.Build.0 = Release|Any CPU
		{FB9E7E6B-B19F-4F37-A708-2996190CEF13}.Release-NET40|Any CPU.ActiveCfg = Release|Any CPU
		{FB9E7E6B-B19F-4F37-A708-2996190CEF13}.Release-NET40|Any CPU.Build.0 = Release|Any CPU
	EndGlobalSection
	GlobalSection(SolutionProperties) = preSolution
		HideSolutionNode = FALSE
	EndGlobalSection
	GlobalSection(ExtensibilityGlobals) = postSolution
		SolutionGuid = {766B4CBD-887D-4996-9083-18D2B57BE66F}
	EndGlobalSection
EndGlobal
